// !$*UTF8*$!
{
	archiveVersion = 1;
	classes = {
	};
	objectVersion = 56;
	objects = {

/* Begin PBXBuildFile section */
		C0CB04672987BB0600D330BE /* CustomElemetsApp.swift in Sources */ = {isa = PBXBuildFile; fileRef = C0CB04662987BB0600D330BE /* CustomElemetsApp.swift */; };
		C0CB04692987BB0600D330BE /* ContentView.swift in Sources */ = {isa = PBXBuildFile; fileRef = C0CB04682987BB0600D330BE /* ContentView.swift */; };
		C0CB046B2987BB0800D330BE /* Assets.xcassets in Resources */ = {isa = PBXBuildFile; fileRef = C0CB046A2987BB0800D330BE /* Assets.xcassets */; };
		C0CB046E2987BB0800D330BE /* Preview Assets.xcassets in Resources */ = {isa = PBXBuildFile; fileRef = C0CB046D2987BB0800D330BE /* Preview Assets.xcassets */; };
		C0CB04752987BB2100D330BE /* .gitignore in Resources */ = {isa = PBXBuildFile; fileRef = C0CB04742987BB2100D330BE /* .gitignore */; };
		C0CB04792987BC8800D330BE /* GreenRectangle.swift in Sources */ = {isa = PBXBuildFile; fileRef = C0CB04782987BC8800D330BE /* GreenRectangle.swift */; };
		C0CB047B2987BCBE00D330BE /* LinearGradient+Ex.swift in Sources */ = {isa = PBXBuildFile; fileRef = C0CB047A2987BCBE00D330BE /* LinearGradient+Ex.swift */; };
		C0CB047D2987BCDF00D330BE /* Color+Ex.swift in Sources */ = {isa = PBXBuildFile; fileRef = C0CB047C2987BCDF00D330BE /* Color+Ex.swift */; };
		C0CB047F2987BE4E00D330BE /* CustomActivityIndicator.swift in Sources */ = {isa = PBXBuildFile; fileRef = C0CB047E2987BE4E00D330BE /* CustomActivityIndicator.swift */; };
/* End PBXBuildFile section */

/* Begin PBXFileReference section */
		C0CB04632987BB0600D330BE /* CustomElemets.app */ = {isa = PBXFileReference; explicitFileType = wrapper.application; includeInIndex = 0; path = CustomElemets.app; sourceTree = BUILT_PRODUCTS_DIR; };
		C0CB04662987BB0600D330BE /* CustomElemetsApp.swift */ = {isa = PBXFileReference; lastKnownFileType = sourcecode.swift; path = CustomElemetsApp.swift; sourceTree = "<group>"; };
		C0CB04682987BB0600D330BE /* ContentView.swift */ = {isa = PBXFileReference; lastKnownFileType = sourcecode.swift; path = ContentView.swift; sourceTree = "<group>"; };
		C0CB046A2987BB0800D330BE /* Assets.xcassets */ = {isa = PBXFileReference; lastKnownFileType = folder.assetcatalog; path = Assets.xcassets; sourceTree = "<group>"; };
		C0CB046D2987BB0800D330BE /* Preview Assets.xcassets */ = {isa = PBXFileReference; lastKnownFileType = folder.assetcatalog; path = "Preview Assets.xcassets"; sourceTree = "<group>"; };
		C0CB04742987BB2100D330BE /* .gitignore */ = {isa = PBXFileReference; lastKnownFileType = text; path = .gitignore; sourceTree = "<group>"; };
		C0CB04782987BC8800D330BE /* GreenRectangle.swift */ = {isa = PBXFileReference; lastKnownFileType = sourcecode.swift; path = GreenRectangle.swift; sourceTree = "<group>"; };
		C0CB047A2987BCBE00D330BE /* LinearGradient+Ex.swift */ = {isa = PBXFileReference; lastKnownFileType = sourcecode.swift; path = "LinearGradient+Ex.swift"; sourceTree = "<group>"; };
		C0CB047C2987BCDF00D330BE /* Color+Ex.swift */ = {isa = PBXFileReference; lastKnownFileType = sourcecode.swift; path = "Color+Ex.swift"; sourceTree = "<group>"; };
		C0CB047E2987BE4E00D330BE /* CustomActivityIndicator.swift */ = {isa = PBXFileReference; lastKnownFileType = sourcecode.swift; path = CustomActivityIndicator.swift; sourceTree = "<group>"; };
/* End PBXFileReference section */

/* Begin PBXFrameworksBuildPhase section */
		C0CB04602987BB0600D330BE /* Frameworks */ = {
			isa = PBXFrameworksBuildPhase;
			buildActionMask = 2147483647;
			files = (
			);
			runOnlyForDeploymentPostprocessing = 0;
		};
/* End PBXFrameworksBuildPhase section */

/* Begin PBXGroup section */
		C0CB045A2987BB0600D330BE = {
			isa = PBXGroup;
			children = (
				C0CB04742987BB2100D330BE /* .gitignore */,
				C0CB04652987BB0600D330BE /* CustomElemets */,
				C0CB04642987BB0600D330BE /* Products */,
			);
			sourceTree = "<group>";
		};
		C0CB04642987BB0600D330BE /* Products */ = {
			isa = PBXGroup;
			children = (
				C0CB04632987BB0600D330BE /* CustomElemets.app */,
			);
			name = Products;
			sourceTree = "<group>";
		};
		C0CB04652987BB0600D330BE /* CustomElemets */ = {
			isa = PBXGroup;
			children = (
				C0CB04772987BC6600D330BE /* Views */,
				C0CB04762987BC5800D330BE /* Extensions */,
				C0CB04662987BB0600D330BE /* CustomElemetsApp.swift */,
				C0CB04682987BB0600D330BE /* ContentView.swift */,
				C0CB04802987BF9300D330BE /* ActivityIndicators */,
				C0CB046A2987BB0800D330BE /* Assets.xcassets */,
				C0CB046C2987BB0800D330BE /* Preview Content */,
			);
			path = CustomElemets;
			sourceTree = "<group>";
		};
		C0CB046C2987BB0800D330BE /* Preview Content */ = {
			isa = PBXGroup;
			children = (
				C0CB046D2987BB0800D330BE /* Preview Assets.xcassets */,
			);
			path = "Preview Content";
			sourceTree = "<group>";
		};
		C0CB04762987BC5800D330BE /* Extensions */ = {
			isa = PBXGroup;
			children = (
				C0CB047A2987BCBE00D330BE /* LinearGradient+Ex.swift */,
				C0CB047C2987BCDF00D330BE /* Color+Ex.swift */,
			);
			path = Extensions;
			sourceTree = "<group>";
		};
		C0CB04772987BC6600D330BE /* Views */ = {
			isa = PBXGroup;
			children = (
				C0CB04782987BC8800D330BE /* GreenRectangle.swift */,
			);
			path = Views;
			sourceTree = "<group>";
		};
		C0CB04802987BF9300D330BE /* ActivityIndicators */ = {
			isa = PBXGroup;
			children = (
				C0CB047E2987BE4E00D330BE /* CustomActivityIndicator.swift */,
			);
			path = ActivityIndicators;
			sourceTree = "<group>";
		};
/* End PBXGroup section */

/* Begin PBXNativeTarget section */
		C0CB04622987BB0600D330BE /* CustomElemets */ = {
			isa = PBXNativeTarget;
			buildConfigurationList = C0CB04712987BB0800D330BE /* Build configuration list for PBXNativeTarget "CustomElemets" */;
			buildPhases = (
				C0CB045F2987BB0600D330BE /* Sources */,
				C0CB04602987BB0600D330BE /* Frameworks */,
				C0CB04612987BB0600D330BE /* Resources */,
			);
			buildRules = (
			);
			dependencies = (
			);
			name = CustomElemets;
			productName = CustomElemets;
			productReference = C0CB04632987BB0600D330BE /* CustomElemets.app */;
			productType = "com.apple.product-type.application";
		};
/* End PBXNativeTarget section */

/* Begin PBXProject section */
		C0CB045B2987BB0600D330BE /* Project object */ = {
			isa = PBXProject;
			attributes = {
				BuildIndependentTargetsInParallel = 1;
				LastSwiftUpdateCheck = 1400;
				LastUpgradeCheck = 1400;
				TargetAttributes = {
					C0CB04622987BB0600D330BE = {
						CreatedOnToolsVersion = 14.0.1;
					};
				};
			};
			buildConfigurationList = C0CB045E2987BB0600D330BE /* Build configuration list for PBXProject "CustomElemets" */;
			compatibilityVersion = "Xcode 14.0";
			developmentRegion = en;
			hasScannedForEncodings = 0;
			knownRegions = (
				en,
				Base,
			);
			mainGroup = C0CB045A2987BB0600D330BE;
			productRefGroup = C0CB04642987BB0600D330BE /* Products */;
			projectDirPath = "";
			projectRoot = "";
			targets = (
				C0CB04622987BB0600D330BE /* CustomElemets */,
			);
		};
/* End PBXProject section */

/* Begin PBXResourcesBuildPhase section */
		C0CB04612987BB0600D330BE /* Resources */ = {
			isa = PBXResourcesBuildPhase;
			buildActionMask = 2147483647;
			files = (
				C0CB046E2987BB0800D330BE /* Preview Assets.xcassets in Resources */,
				C0CB04752987BB2100D330BE /* .gitignore in Resources */,
				C0CB046B2987BB0800D330BE /* Assets.xcassets in Resources */,
			);
			runOnlyForDeploymentPostprocessing = 0;
		};
/* End PBXResourcesBuildPhase section */

/* Begin PBXSourcesBuildPhase section */
		C0CB045F2987BB0600D330BE /* Sources */ = {
			isa = PBXSourcesBuildPhase;
			buildActionMask = 2147483647;
			files = (
				C0CB04792987BC8800D330BE /* GreenRectangle.swift in Sources */,
				C0CB04692987BB0600D330BE /* ContentView.swift in Sources */,
				C0CB04672987BB0600D330BE /* CustomElemetsApp.swift in Sources */,
				C0CB047B2987BCBE00D330BE /* LinearGradient+Ex.swift in Sources */,
				C0CB047D2987BCDF00D330BE /* Color+Ex.swift in Sources */,
				C0CB047F2987BE4E00D330BE /* CustomActivityIndicator.swift in Sources */,
			);
			runOnlyForDeploymentPostprocessing = 0;
		};
/* End PBXSourcesBuildPhase section */

/* Begin XCBuildConfiguration section */
		C0CB046F2987BB0800D330BE /* Debug */ = {
			isa = XCBuildConfiguration;
			buildSettings = {
				ALWAYS_SEARCH_USER_PATHS = NO;
				CLANG_ANALYZER_NONNULL = YES;
				CLANG_ANALYZER_NUMBER_OBJECT_CONVERSION = YES_AGGRESSIVE;
				CLANG_CXX_LANGUAGE_STANDARD = "gnu++20";
				CLANG_ENABLE_MODULES = YES;
				CLANG_ENABLE_OBJC_ARC = YES;
				CLANG_ENABLE_OBJC_WEAK = YES;
				CLANG_WARN_BLOCK_CAPTURE_AUTORELEASING = YES;
				CLANG_WARN_BOOL_CONVERSION = YES;
				CLANG_WARN_COMMA = YES;
				CLANG_WARN_CONSTANT_CONVERSION = YES;
				CLANG_WARN_DEPRECATED_OBJC_IMPLEMENTATIONS = YES;
				CLANG_WARN_DIRECT_OBJC_ISA_USAGE = YES_ERROR;
				CLANG_WARN_DOCUMENTATION_COMMENTS = YES;
				CLANG_WARN_EMPTY_BODY = YES;
				CLANG_WARN_ENUM_CONVERSION = YES;
				CLANG_WARN_INFINITE_RECURSION = YES;
				CLANG_WARN_INT_CONVERSION = YES;
				CLANG_WARN_NON_LITERAL_NULL_CONVERSION = YES;
				CLANG_WARN_OBJC_IMPLICIT_RETAIN_SELF = YES;
				CLANG_WARN_OBJC_LITERAL_CONVERSION = YES;
				CLANG_WARN_OBJC_ROOT_CLASS = YES_ERROR;
				CLANG_WARN_QUOTED_INCLUDE_IN_FRAMEWORK_HEADER = YES;
				CLANG_WARN_RANGE_LOOP_ANALYSIS = YES;
				CLANG_WARN_STRICT_PROTOTYPES = YES;
				CLANG_WARN_SUSPICIOUS_MOVE = YES;
				CLANG_WARN_UNGUARDED_AVAILABILITY = YES_AGGRESSIVE;
				CLANG_WARN_UNREACHABLE_CODE = YES;
				CLANG_WARN__DUPLICATE_METHOD_MATCH = YES;
				COPY_PHASE_STRIP = NO;
				DEBUG_INFORMATION_FORMAT = dwarf;
				ENABLE_STRICT_OBJC_MSGSEND = YES;
				ENABLE_TESTABILITY = YES;
				GCC_C_LANGUAGE_STANDARD = gnu11;
				GCC_DYNAMIC_NO_PIC = NO;
				GCC_NO_COMMON_BLOCKS = YES;
				GCC_OPTIMIZATION_LEVEL = 0;
				GCC_PREPROCESSOR_DEFINITIONS = (
					"DEBUG=1",
					"$(inherited)",
				);
				GCC_WARN_64_TO_32_BIT_CONVERSION = YES;
				GCC_WARN_ABOUT_RETURN_TYPE = YES_ERROR;
				GCC_WARN_UNDECLARED_SELECTOR = YES;
				GCC_WARN_UNINITIALIZED_AUTOS = YES_AGGRESSIVE;
				GCC_WARN_UNUSED_FUNCTION = YES;
				GCC_WARN_UNUSED_VARIABLE = YES;
				IPHONEOS_DEPLOYMENT_TARGET = 16.0;
				MTL_ENABLE_DEBUG_INFO = INCLUDE_SOURCE;
				MTL_FAST_MATH = YES;
				ONLY_ACTIVE_ARCH = YES;
				SDKROOT = iphoneos;
				SWIFT_ACTIVE_COMPILATION_CONDITIONS = DEBUG;
				SWIFT_OPTIMIZATION_LEVEL = "-Onone";
			};
			name = Debug;
		};
		C0CB04702987BB0800D330BE /* Release */ = {
			isa = XCBuildConfiguration;
			buildSettings = {
				ALWAYS_SEARCH_USER_PATHS = NO;
				CLANG_ANALYZER_NONNULL = YES;
				CLANG_ANALYZER_NUMBER_OBJECT_CONVERSION = YES_AGGRESSIVE;
				CLANG_CXX_LANGUAGE_STANDARD = "gnu++20";
				CLANG_ENABLE_MODULES = YES;
				CLANG_ENABLE_OBJC_ARC = YES;
				CLANG_ENABLE_OBJC_WEAK = YES;
				CLANG_WARN_BLOCK_CAPTURE_AUTORELEASING = YES;
				CLANG_WARN_BOOL_CONVERSION = YES;
				CLANG_WARN_COMMA = YES;
				CLANG_WARN_CONSTANT_CONVERSION = YES;
				CLANG_WARN_DEPRECATED_OBJC_IMPLEMENTATIONS = YES;
				CLANG_WARN_DIRECT_OBJC_ISA_USAGE = YES_ERROR;
				CLANG_WARN_DOCUMENTATION_COMMENTS = YES;
				CLANG_WARN_EMPTY_BODY = YES;
				CLANG_WARN_ENUM_CONVERSION = YES;
				CLANG_WARN_INFINITE_RECURSION = YES;
				CLANG_WARN_INT_CONVERSION = YES;
				CLANG_WARN_NON_LITERAL_NULL_CONVERSION = YES;
				CLANG_WARN_OBJC_IMPLICIT_RETAIN_SELF = YES;
				CLANG_WARN_OBJC_LITERAL_CONVERSION = YES;
				CLANG_WARN_OBJC_ROOT_CLASS = YES_ERROR;
				CLANG_WARN_QUOTED_INCLUDE_IN_FRAMEWORK_HEADER = YES;
				CLANG_WARN_RANGE_LOOP_ANALYSIS = YES;
				CLANG_WARN_STRICT_PROTOTYPES = YES;
				CLANG_WARN_SUSPICIOUS_MOVE = YES;
				CLANG_WARN_UNGUARDED_AVAILABILITY = YES_AGGRESSIVE;
				CLANG_WARN_UNREACHABLE_CODE = YES;
				CLANG_WARN__DUPLICATE_METHOD_MATCH = YES;
				COPY_PHASE_STRIP = NO;
				DEBUG_INFORMATION_FORMAT = "dwarf-with-dsym";
				ENABLE_NS_ASSERTIONS = NO;
				ENABLE_STRICT_OBJC_MSGSEND = YES;
				GCC_C_LANGUAGE_STANDARD = gnu11;
				GCC_NO_COMMON_BLOCKS = YES;
				GCC_WARN_64_TO_32_BIT_CONVERSION = YES;
				GCC_WARN_ABOUT_RETURN_TYPE = YES_ERROR;
				GCC_WARN_UNDECLARED_SELECTOR = YES;
				GCC_WARN_UNINITIALIZED_AUTOS = YES_AGGRESSIVE;
				GCC_WARN_UNUSED_FUNCTION = YES;
				GCC_WARN_UNUSED_VARIABLE = YES;
				IPHONEOS_DEPLOYMENT_TARGET = 16.0;
				MTL_ENABLE_DEBUG_INFO = NO;
				MTL_FAST_MATH = YES;
				SDKROOT = iphoneos;
				SWIFT_COMPILATION_MODE = wholemodule;
				SWIFT_OPTIMIZATION_LEVEL = "-O";
				VALIDATE_PRODUCT = YES;
			};
			name = Release;
		};
		C0CB04722987BB0800D330BE /* Debug */ = {
			isa = XCBuildConfiguration;
			buildSettings = {
				ASSETCATALOG_COMPILER_APPICON_NAME = AppIcon;
				ASSETCATALOG_COMPILER_GLOBAL_ACCENT_COLOR_NAME = AccentColor;
				CODE_SIGN_STYLE = Automatic;
				CURRENT_PROJECT_VERSION = 1;
				DEVELOPMENT_ASSET_PATHS = "\"CustomElemets/Preview Content\"";
				DEVELOPMENT_TEAM = CDMM7YYVLS;
				ENABLE_PREVIEWS = YES;
				GENERATE_INFOPLIST_FILE = YES;
				INFOPLIST_KEY_UIApplicationSceneManifest_Generation = YES;
				INFOPLIST_KEY_UIApplicationSupportsIndirectInputEvents = YES;
				INFOPLIST_KEY_UILaunchScreen_Generation = YES;
				INFOPLIST_KEY_UISupportedInterfaceOrientations = "UIInterfaceOrientationLandscapeLeft UIInterfaceOrientationLandscapeRight UIInterfaceOrientationPortrait";
				IPHONEOS_DEPLOYMENT_TARGET = 14.0;
				LD_RUNPATH_SEARCH_PATHS = (
					"$(inherited)",
					"@executable_path/Frameworks",
				);
				MARKETING_VERSION = 1.0;
				PRODUCT_BUNDLE_IDENTIFIER = com.DmitriiLipuntsov.CustomElemets;
				PRODUCT_NAME = "$(TARGET_NAME)";
				SWIFT_EMIT_LOC_STRINGS = YES;
				SWIFT_VERSION = 5.0;
				TARGETED_DEVICE_FAMILY = "1,2";
			};
			name = Debug;
		};
		C0CB04732987BB0800D330BE /* Release */ = {
			isa = XCBuildConfiguration;
			buildSettings = {
				ASSETCATALOG_COMPILER_APPICON_NAME = AppIcon;
				ASSETCATALOG_COMPILER_GLOBAL_ACCENT_COLOR_NAME = AccentColor;
				CODE_SIGN_STYLE = Automatic;
				CURRENT_PROJECT_VERSION = 1;
				DEVELOPMENT_ASSET_PATHS = "\"CustomElemets/Preview Content\"";
				DEVELOPMENT_TEAM = CDMM7YYVLS;
				ENABLE_PREVIEWS = YES;
				GENERATE_INFOPLIST_FILE = YES;
				INFOPLIST_KEY_UIApplicationSceneManifest_Generation = YES;
				INFOPLIST_KEY_UIApplicationSupportsIndirectInputEvents = YES;
				INFOPLIST_KEY_UILaunchScreen_Generation = YES;
				INFOPLIST_KEY_UISupportedInterfaceOrientations = "UIInterfaceOrientationLandscapeLeft UIInterfaceOrientationLandscapeRight UIInterfaceOrientationPortrait";
				IPHONEOS_DEPLOYMENT_TARGET = 14.0;
				LD_RUNPATH_SEARCH_PATHS = (
					"$(inherited)",
					"@executable_path/Frameworks",
				);
				MARKETING_VERSION = 1.0;
				PRODUCT_BUNDLE_IDENTIFIER = com.DmitriiLipuntsov.CustomElemets;
				PRODUCT_NAME = "$(TARGET_NAME)";
				SWIFT_EMIT_LOC_STRINGS = YES;
				SWIFT_VERSION = 5.0;
				TARGETED_DEVICE_FAMILY = "1,2";
			};
			name = Release;
		};
/* End XCBuildConfiguration section */

/* Begin XCConfigurationList section */
		C0CB045E2987BB0600D330BE /* Build configuration list for PBXProject "CustomElemets" */ = {
			isa = XCConfigurationList;
			buildConfigurations = (
				C0CB046F2987BB0800D330BE /* Debug */,
				C0CB04702987BB0800D330BE /* Release */,
			);
			defaultConfigurationIsVisible = 0;
			defaultConfigurationName = Release;
		};
		C0CB04712987BB0800D330BE /* Build configuration list for PBXNativeTarget "CustomElemets" */ = {
			isa = XCConfigurationList;
			buildConfigurations = (
				C0CB04722987BB0800D330BE /* Debug */,
				C0CB04732987BB0800D330BE /* Release */,
			);
			defaultConfigurationIsVisible = 0;
			defaultConfigurationName = Release;
		};
/* End XCConfigurationList section */
	};
	rootObject = C0CB045B2987BB0600D330BE /* Project object */;
}
